
Microsoft Visual Studio Solution File, Format Version 12.00
# Visual Studio Version 17
VisualStudioVersion = 17.7.34024.191
MinimumVisualStudioVersion = 10.0.40219.1
Project("{FAE04EC0-301F-11D3-BF4B-00C04F79EFBC}") = "MorseCode", "MorseCode\MorseCode.csproj", "{91A5B01B-3F84-4C22-85EA-7879DC0E8B27}"
EndProject
Global
	GlobalSection(SolutionConfigurationPlatforms) = preSolution
		Debug|Any CPU = Debug|Any CPU
		Release|Any CPU = Release|Any CPU
	EndGlobalSection
	GlobalSection(ProjectConfigurationPlatforms) = postSolution
		{91A5B01B-3F84-4C22-85EA-7879DC0E8B27}.Debug|Any CPU.ActiveCfg = Debug|Any CPU
		{91A5B01B-3F84-4C22-85EA-7879DC0E8B27}.Debug|Any CPU.Build.0 = Debug|Any CPU
		{91A5B01B-3F84-4C22-85EA-7879DC0E8B27}.Release|Any CPU.ActiveCfg = Release|Any CPU
		{91A5B01B-3F84-4C22-85EA-7879DC0E8B27}.Release|Any CPU.Build.0 = Release|Any CPU
	EndGlobalSection
	GlobalSection(SolutionProperties) = preSolution
		HideSolutionNode = FALSE
	EndGlobalSection
	GlobalSection(ExtensibilityGlobals) = postSolution
		SolutionGuid = {D150CC05-E615-45BE-9760-403EC1A41128}
	EndGlobalSection
EndGlobal
